// !$*UTF8*$!
{
	archiveVersion = 1;
	classes = {
	};
	objectVersion = 77;
	objects = {

/* Begin PBXBuildFile section */
		AA000004AAAA000000000002 /* KeyboardExtension.appex in Embed Foundation Extensions */ = {isa = PBXBuildFile; fileRef = AA000005AAAA000000000001 /* KeyboardExtension.appex */; settings = {ATTRIBUTES = (RemoveHeadersOnCopy, ); }; };
/* End PBXBuildFile section */

/* Begin PBXContainerItemProxy section */
		7F3116EA2F42782D0074188B /* PBXContainerItemProxy */ = {
			isa = PBXContainerItemProxy;
			containerPortal = 7F3116D42F42782C0074188B /* Project object */;
			proxyType = 1;
			remoteGlobalIDString = 7F3116DB2F42782C0074188B;
			remoteInfo = SecureChatKeyboard;
		};
		7F3116F42F42782D0074188B /* PBXContainerItemProxy */ = {
			isa = PBXContainerItemProxy;
			containerPortal = 7F3116D42F42782C0074188B /* Project object */;
			proxyType = 1;
			remoteGlobalIDString = 7F3116DB2F42782C0074188B;
			remoteInfo = SecureChatKeyboard;
		};
		AA000002AAAA000000000001 /* PBXContainerItemProxy */ = {
			isa = PBXContainerItemProxy;
			containerPortal = 7F3116D42F42782C0074188B /* Project object */;
			proxyType = 1;
			remoteGlobalIDString = AA000003AAAA000000000001;
			remoteInfo = KeyboardExtension;
		};
/* End PBXContainerItemProxy section */

/* Begin PBXCopyFilesBuildPhase section */
		AA000004AAAA000000000001 /* Embed Foundation Extensions */ = {
			isa = PBXCopyFilesBuildPhase;
			buildActionMask = 2147483647;
			dstPath = "";
			dstSubfolderSpec = 13;
			files = (
				AA000004AAAA000000000002 /* KeyboardExtension.appex in Embed Foundation Extensions */,
			);
			name = "Embed Foundation Extensions";
			runOnlyForDeploymentPostprocessing = 0;
		};
/* End PBXCopyFilesBuildPhase section */

/* Begin PBXFileReference section */
		7F3116DC2F42782C0074188B /* SecureChatKeyboard.app */ = {isa = PBXFileReference; explicitFileType = wrapper.application; includeInIndex = 0; path = SecureChatKeyboard.app; sourceTree = BUILT_PRODUCTS_DIR; };
		7F3116E92F42782D0074188B /* SecureChatKeyboardTests.xctest */ = {isa = PBXFileReference; explicitFileType = wrapper.cfbundle; includeInIndex = 0; path = SecureChatKeyboardTests.xctest; sourceTree = BUILT_PRODUCTS_DIR; };
		7F3116F32F42782D0074188B /* SecureChatKeyboardUITests.xctest */ = {isa = PBXFileReference; explicitFileType = wrapper.cfbundle; includeInIndex = 0; path = SecureChatKeyboardUITests.xctest; sourceTree = BUILT_PRODUCTS_DIR; };
		AA000005AAAA000000000001 /* KeyboardExtension.appex */ = {isa = PBXFileReference; explicitFileType = "wrapper.app-extension"; includeInIndex = 0; path = KeyboardExtension.appex; sourceTree = BUILT_PRODUCTS_DIR; };
/* End PBXFileReference section */

/* Begin PBXFileSystemSynchronizedBuildFileExceptionSet section */
		AA00000DAAAA000000000001 /* Exceptions for "KeyboardExtension" folder in "KeyboardExtension" target */ = {
			isa = PBXFileSystemSynchronizedBuildFileExceptionSet;
			membershipExceptions = (
				Info.plist,
			);
			target = AA000003AAAA000000000001 /* KeyboardExtension */;
		};
/* End PBXFileSystemSynchronizedBuildFileExceptionSet section */

/* Begin PBXFileSystemSynchronizedRootGroup section */
		7F3116DE2F42782C0074188B /* SecureChatKeyboard */ = {
			isa = PBXFileSystemSynchronizedRootGroup;
			path = SecureChatKeyboard;
			sourceTree = "<group>";
		};
		7F3116EC2F42782D0074188B /* SecureChatKeyboardTests */ = {
			isa = PBXFileSystemSynchronizedRootGroup;
			path = SecureChatKeyboardTests;
			sourceTree = "<group>";
		};
		7F3116F62F42782D0074188B /* SecureChatKeyboardUITests */ = {
			isa = PBXFileSystemSynchronizedRootGroup;
			path = SecureChatKeyboardUITests;
			sourceTree = "<group>";
		};
		AA000006AAAA000000000001 /* KeyboardExtension */ = {
			isa = PBXFileSystemSynchronizedRootGroup;
			exceptions = (
				AA00000DAAAA000000000001 /* Exceptions for "KeyboardExtension" folder in "KeyboardExtension" target */,
			);
			path = KeyboardExtension;
			sourceTree = "<group>";
		};
/* End PBXFileSystemSynchronizedRootGroup section */

/* Begin PBXFrameworksBuildPhase section */
		7F3116D92F42782C0074188B /* Frameworks */ = {
			isa = PBXFrameworksBuildPhase;
			buildActionMask = 2147483647;
			files = (
			);
			runOnlyForDeploymentPostprocessing = 0;
		};
		7F3116E62F42782D0074188B /* Frameworks */ = {
			isa = PBXFrameworksBuildPhase;
			buildActionMask = 2147483647;
			files = (
			);
			runOnlyForDeploymentPostprocessing = 0;
		};
		7F3116F02F42782D0074188B /* Frameworks */ = {
			isa = PBXFrameworksBuildPhase;
			buildActionMask = 2147483647;
			files = (
			);
			runOnlyForDeploymentPostprocessing = 0;
		};
		AA000007AAAA000000000001 /* Frameworks */ = {
			isa = PBXFrameworksBuildPhase;
			buildActionMask = 2147483647;
			files = (
			);
			runOnlyForDeploymentPostprocessing = 0;
		};
/* End PBXFrameworksBuildPhase section */

/* Begin PBXGroup section */
		7F3116D32F42782C0074188B = {
			isa = PBXGroup;
			children = (
				7F3116DE2F42782C0074188B /* SecureChatKeyboard */,
				AA000006AAAA000000000001 /* KeyboardExtension */,
				7F3116EC2F42782D0074188B /* SecureChatKeyboardTests */,
				7F3116F62F42782D0074188B /* SecureChatKeyboardUITests */,
				7F3116DD2F42782C0074188B /* Products */,
			);
			sourceTree = "<group>";
		};
		7F3116DD2F42782C0074188B /* Products */ = {
			isa = PBXGroup;
			children = (
				7F3116DC2F42782C0074188B /* SecureChatKeyboard.app */,
				AA000005AAAA000000000001 /* KeyboardExtension.appex */,
				7F3116E92F42782D0074188B /* SecureChatKeyboardTests.xctest */,
				7F3116F32F42782D0074188B /* SecureChatKeyboardUITests.xctest */,
			);
			name = Products;
			sourceTree = "<group>";
		};
/* End PBXGroup section */

/* Begin PBXNativeTarget section */
		7F3116DB2F42782C0074188B /* SecureChatKeyboard */ = {
			isa = PBXNativeTarget;
			buildConfigurationList = 7F3116FD2F42782D0074188B /* Build configuration list for PBXNativeTarget "SecureChatKeyboard" */;
			buildPhases = (
				7F3116D82F42782C0074188B /* Sources */,
				7F3116D92F42782C0074188B /* Frameworks */,
				7F3116DA2F42782C0074188B /* Resources */,
				AA000004AAAA000000000001 /* Embed Foundation Extensions */,
			);
			buildRules = (
			);
			dependencies = (
				AA000002AAAA000000000002 /* PBXTargetDependency */,
			);
			fileSystemSynchronizedGroups = (
				7F3116DE2F42782C0074188B /* SecureChatKeyboard */,
			);
			name = SecureChatKeyboard;
			packageProductDependencies = (
			);
			productName = SecureChatKeyboard;
			productReference = 7F3116DC2F42782C0074188B /* SecureChatKeyboard.app */;
			productType = "com.apple.product-type.application";
		};
		7F3116E82F42782D0074188B /* SecureChatKeyboardTests */ = {
			isa = PBXNativeTarget;
			buildConfigurationList = 7F3117002F42782D0074188B /* Build configuration list for PBXNativeTarget "SecureChatKeyboardTests" */;
			buildPhases = (
				7F3116E52F42782D0074188B /* Sources */,
				7F3116E62F42782D0074188B /* Frameworks */,
				7F3116E72F42782D0074188B /* Resources */,
			);
			buildRules = (
			);
			dependencies = (
				7F3116EB2F42782D0074188B /* PBXTargetDependency */,
			);
			fileSystemSynchronizedGroups = (
				7F3116EC2F42782D0074188B /* SecureChatKeyboardTests */,
			);
			name = SecureChatKeyboardTests;
			packageProductDependencies = (
			);
			productName = SecureChatKeyboardTests;
			productReference = 7F3116E92F42782D0074188B /* SecureChatKeyboardTests.xctest */;
			productType = "com.apple.product-type.bundle.unit-test";
		};
		7F3116F22F42782D0074188B /* SecureChatKeyboardUITests */ = {
			isa = PBXNativeTarget;
			buildConfigurationList = 7F3117032F42782D0074188B /* Build configuration list for PBXNativeTarget "SecureChatKeyboardUITests" */;
			buildPhases = (
				7F3116EF2F42782D0074188B /* Sources */,
				7F3116F02F42782D0074188B /* Frameworks */,
				7F3116F12F42782D0074188B /* Resources */,
			);
			buildRules = (
			);
			dependencies = (
				7F3116F52F42782D0074188B /* PBXTargetDependency */,
			);
			fileSystemSynchronizedGroups = (
				7F3116F62F42782D0074188B /* SecureChatKeyboardUITests */,
			);
			name = SecureChatKeyboardUITests;
			packageProductDependencies = (
			);
			productName = SecureChatKeyboardUITests;
			productReference = 7F3116F32F42782D0074188B /* SecureChatKeyboardUITests.xctest */;
			productType = "com.apple.product-type.bundle.ui-testing";
		};
		AA000003AAAA000000000001 /* KeyboardExtension */ = {
			isa = PBXNativeTarget;
			buildConfigurationList = AA000008AAAA000000000001 /* Build configuration list for PBXNativeTarget "KeyboardExtension" */;
			buildPhases = (
				AA000009AAAA000000000001 /* Sources */,
				AA000007AAAA000000000001 /* Frameworks */,
				AA00000AAAAA000000000001 /* Resources */,
			);
			buildRules = (
			);
			dependencies = (
			);
			fileSystemSynchronizedGroups = (
				AA000006AAAA000000000001 /* KeyboardExtension */,
			);
			name = KeyboardExtension;
			packageProductDependencies = (
			);
			productName = KeyboardExtension;
			productReference = AA000005AAAA000000000001 /* KeyboardExtension.appex */;
			productType = "com.apple.product-type.app-extension";
		};
/* End PBXNativeTarget section */

/* Begin PBXProject section */
		7F3116D42F42782C0074188B /* Project object */ = {
			isa = PBXProject;
			attributes = {
				BuildIndependentTargetsInParallel = 1;
				LastSwiftUpdateCheck = 2620;
				LastUpgradeCheck = 2620;
				TargetAttributes = {
					7F3116DB2F42782C0074188B = {
						CreatedOnToolsVersion = 26.2;
					};
					7F3116E82F42782D0074188B = {
						CreatedOnToolsVersion = 26.2;
						TestTargetID = 7F3116DB2F42782C0074188B;
					};
					7F3116F22F42782D0074188B = {
						CreatedOnToolsVersion = 26.2;
						TestTargetID = 7F3116DB2F42782C0074188B;
					};
					AA000003AAAA000000000001 = {
						CreatedOnToolsVersion = 26.2;
					};
				};
			};
			buildConfigurationList = 7F3116D72F42782C0074188B /* Build configuration list for PBXProject "SecureChatKeyboard" */;
			developmentRegion = en;
			hasScannedForEncodings = 0;
			knownRegions = (
				en,
				Base,
			);
			mainGroup = 7F3116D32F42782C0074188B;
			minimizedProjectReferenceProxies = 1;
			packageReferences = (
			);
			preferredProjectObjectVersion = 77;
			productRefGroup = 7F3116DD2F42782C0074188B /* Products */;
			projectDirPath = "";
			projectRoot = "";
			targets = (
				7F3116DB2F42782C0074188B /* SecureChatKeyboard */,
				AA000003AAAA000000000001 /* KeyboardExtension */,
				7F3116E82F42782D0074188B /* SecureChatKeyboardTests */,
				7F3116F22F42782D0074188B /* SecureChatKeyboardUITests */,
			);
		};
/* End PBXProject section */

/* Begin PBXResourcesBuildPhase section */
		7F3116DA2F42782C0074188B /* Resources */ = {
			isa = PBXResourcesBuildPhase;
			buildActionMask = 2147483647;
			files = (
			);
			runOnlyForDeploymentPostprocessing = 0;
		};
		7F3116E72F42782D0074188B /* Resources */ = {
			isa = PBXResourcesBuildPhase;
			buildActionMask = 2147483647;
			files = (
			);
			runOnlyForDeploymentPostprocessing = 0;
		};
		7F3116F12F42782D0074188B /* Resources */ = {
			isa = PBXResourcesBuildPhase;
			buildActionMask = 2147483647;
			files = (
			);
			runOnlyForDeploymentPostprocessing = 0;
		};
		AA00000AAAAA000000000001 /* Resources */ = {
			isa = PBXResourcesBuildPhase;
			buildActionMask = 2147483647;
			files = (
			);
			runOnlyForDeploymentPostprocessing = 0;
		};
/* End PBXResourcesBuildPhase section */

/* Begin PBXSourcesBuildPhase section */
		7F3116D82F42782C0074188B /* Sources */ = {
			isa = PBXSourcesBuildPhase;
			buildActionMask = 2147483647;
			files = (
			);
			runOnlyForDeploymentPostprocessing = 0;
		};
		7F3116E52F42782D0074188B /* Sources */ = {
			isa = PBXSourcesBuildPhase;
			buildActionMask = 2147483647;
			files = (
			);
			runOnlyForDeploymentPostprocessing = 0;
		};
		7F3116EF2F42782D0074188B /* Sources */ = {
			isa = PBXSourcesBuildPhase;
			buildActionMask = 2147483647;
			files = (
			);
			runOnlyForDeploymentPostprocessing = 0;
		};
		AA000009AAAA000000000001 /* Sources */ = {
			isa = PBXSourcesBuildPhase;
			buildActionMask = 2147483647;
			files = (
			);
			runOnlyForDeploymentPostprocessing = 0;
		};
/* End PBXSourcesBuildPhase section */

/* Begin PBXTargetDependency section */
		7F3116EB2F42782D0074188B /* PBXTargetDependency */ = {
			isa = PBXTargetDependency;
			target = 7F3116DB2F42782C0074188B /* SecureChatKeyboard */;
			targetProxy = 7F3116EA2F42782D0074188B /* PBXContainerItemProxy */;
		};
		7F3116F52F42782D0074188B /* PBXTargetDependency */ = {
			isa = PBXTargetDependency;
			target = 7F3116DB2F42782C0074188B /* SecureChatKeyboard */;
			targetProxy = 7F3116F42F42782D0074188B /* PBXContainerItemProxy */;
		};
		AA000002AAAA000000000002 /* PBXTargetDependency */ = {
			isa = PBXTargetDependency;
			target = AA000003AAAA000000000001 /* KeyboardExtension */;
			targetProxy = AA000002AAAA000000000001 /* PBXContainerItemProxy */;
		};
/* End PBXTargetDependency section */

/* Begin XCBuildConfiguration section */
		7F3116FB2F42782D0074188B /* Debug */ = {
			isa = XCBuildConfiguration;
			buildSettings = {
				ALWAYS_SEARCH_USER_PATHS = NO;
				ASSETCATALOG_COMPILER_GENERATE_SWIFT_ASSET_SYMBOL_EXTENSIONS = YES;
				CLANG_ANALYZER_NONNULL = YES;
				CLANG_ANALYZER_NUMBER_OBJECT_CONVERSION = YES_AGGRESSIVE;
				CLANG_CXX_LANGUAGE_STANDARD = "gnu++20";
				CLANG_ENABLE_MODULES = YES;
				CLANG_ENABLE_OBJC_ARC = YES;
				CLANG_ENABLE_OBJC_WEAK = YES;
				CLANG_WARN_BLOCK_CAPTURE_AUTORELEASING = YES;
				CLANG_WARN_BOOL_CONVERSION = YES;
				CLANG_WARN_COMMA = YES;
				CLANG_WARN_CONSTANT_CONVERSION = YES;
				CLANG_WARN_DEPRECATED_OBJC_IMPLEMENTATIONS = YES;
				CLANG_WARN_DIRECT_OBJC_ISA_USAGE = YES_ERROR;
				CLANG_WARN_DOCUMENTATION_COMMENTS = YES;
				CLANG_WARN_EMPTY_BODY = YES;
				CLANG_WARN_ENUM_CONVERSION = YES;
				CLANG_WARN_INFINITE_RECURSION = YES;
				CLANG_WARN_INT_CONVERSION = YES;
				CLANG_WARN_NON_LITERAL_NULL_CONVERSION = YES;
				CLANG_WARN_OBJC_IMPLICIT_RETAIN_SELF = YES;
				CLANG_WARN_OBJC_LITERAL_CONVERSION = YES;
				CLANG_WARN_OBJC_ROOT_CLASS = YES_ERROR;
				CLANG_WARN_QUOTED_INCLUDE_IN_FRAMEWORK_HEADER = YES;
				CLANG_WARN_RANGE_LOOP_ANALYSIS = YES;
				CLANG_WARN_STRICT_PROTOTYPES = YES;
				CLANG_WARN_SUSPICIOUS_MOVE = YES;
				CLANG_WARN_UNGUARDED_AVAILABILITY = YES_AGGRESSIVE;
				CLANG_WARN_UNREACHABLE_CODE = YES;
				CLANG_WARN__DUPLICATE_METHOD_MATCH = YES;
				COPY_PHASE_STRIP = NO;
				DEBUG_INFORMATION_FORMAT = dwarf;
				DEVELOPMENT_TEAM = 6U988V44QP;
				ENABLE_STRICT_OBJC_MSGSEND = YES;
				ENABLE_TESTABILITY = YES;
				ENABLE_USER_SCRIPT_SANDBOXING = YES;
				GCC_C_LANGUAGE_STANDARD = gnu17;
				GCC_DYNAMIC_NO_PIC = NO;
				GCC_NO_COMMON_BLOCKS = YES;
				GCC_OPTIMIZATION_LEVEL = 0;
				GCC_PREPROCESSOR_DEFINITIONS = (
					"DEBUG=1",
					"$(inherited)",
				);
				GCC_WARN_64_TO_32_BIT_CONVERSION = YES;
				GCC_WARN_ABOUT_RETURN_TYPE = YES_ERROR;
				GCC_WARN_UNDECLARED_SELECTOR = YES;
				GCC_WARN_UNINITIALIZED_AUTOS = YES_AGGRESSIVE;
				GCC_WARN_UNUSED_FUNCTION = YES;
				GCC_WARN_UNUSED_VARIABLE = YES;
				IPHONEOS_DEPLOYMENT_TARGET = 16.0;
				LOCALIZATION_PREFERS_STRING_CATALOGS = YES;
				MTL_ENABLE_DEBUG_INFO = INCLUDE_SOURCE;
				MTL_FAST_MATH = YES;
				ONLY_ACTIVE_ARCH = YES;
				SDKROOT = iphoneos;
				SWIFT_ACTIVE_COMPILATION_CONDITIONS = "DEBUG $(inherited)";
				SWIFT_OPTIMIZATION_LEVEL = "-Onone";
			};
			name = Debug;
		};
		7F3116FC2F42782D0074188B /* Release */ = {
			isa = XCBuildConfiguration;
			buildSettings = {
				ALWAYS_SEARCH_USER_PATHS = NO;
				ASSETCATALOG_COMPILER_GENERATE_SWIFT_ASSET_SYMBOL_EXTENSIONS = YES;
				CLANG_ANALYZER_NONNULL = YES;
				CLANG_ANALYZER_NUMBER_OBJECT_CONVERSION = YES_AGGRESSIVE;
				CLANG_CXX_LANGUAGE_STANDARD = "gnu++20";
				CLANG_ENABLE_MODULES = YES;
				CLANG_ENABLE_OBJC_ARC = YES;
				CLANG_ENABLE_OBJC_WEAK = YES;
				CLANG_WARN_BLOCK_CAPTURE_AUTORELEASING = YES;
				CLANG_WARN_BOOL_CONVERSION = YES;
				CLANG_WARN_COMMA = YES;
				CLANG_WARN_CONSTANT_CONVERSION = YES;
				CLANG_WARN_DEPRECATED_OBJC_IMPLEMENTATIONS = YES;
				CLANG_WARN_DIRECT_OBJC_ISA_USAGE = YES_ERROR;
				CLANG_WARN_DOCUMENTATION_COMMENTS = YES;
				CLANG_WARN_EMPTY_BODY = YES;
				CLANG_WARN_ENUM_CONVERSION = YES;
				CLANG_WARN_INFINITE_RECURSION = YES;
				CLANG_WARN_INT_CONVERSION = YES;
				CLANG_WARN_NON_LITERAL_NULL_CONVERSION = YES;
				CLANG_WARN_OBJC_IMPLICIT_RETAIN_SELF = YES;
				CLANG_WARN_OBJC_LITERAL_CONVERSION = YES;
				CLANG_WARN_OBJC_ROOT_CLASS = YES_ERROR;
				CLANG_WARN_QUOTED_INCLUDE_IN_FRAMEWORK_HEADER = YES;
				CLANG_WARN_RANGE_LOOP_ANALYSIS = YES;
				CLANG_WARN_STRICT_PROTOTYPES = YES;
				CLANG_WARN_SUSPICIOUS_MOVE = YES;
				CLANG_WARN_UNGUARDED_AVAILABILITY = YES_AGGRESSIVE;
				CLANG_WARN_UNREACHABLE_CODE = YES;
				CLANG_WARN__DUPLICATE_METHOD_MATCH = YES;
				COPY_PHASE_STRIP = NO;
				DEBUG_INFORMATION_FORMAT = "dwarf-with-dsym";
				DEVELOPMENT_TEAM = 6U988V44QP;
				ENABLE_NS_ASSERTIONS = NO;
				ENABLE_STRICT_OBJC_MSGSEND = YES;
				ENABLE_USER_SCRIPT_SANDBOXING = YES;
				GCC_C_LANGUAGE_STANDARD = gnu17;
				GCC_NO_COMMON_BLOCKS = YES;
				GCC_WARN_64_TO_32_BIT_CONVERSION = YES;
				GCC_WARN_ABOUT_RETURN_TYPE = YES_ERROR;
				GCC_WARN_UNDECLARED_SELECTOR = YES;
				GCC_WARN_UNINITIALIZED_AUTOS = YES_AGGRESSIVE;
				GCC_WARN_UNUSED_FUNCTION = YES;
				GCC_WARN_UNUSED_VARIABLE = YES;
				IPHONEOS_DEPLOYMENT_TARGET = 16.0;
				LOCALIZATION_PREFERS_STRING_CATALOGS = YES;
				MTL_ENABLE_DEBUG_INFO = NO;
				MTL_FAST_MATH = YES;
				SDKROOT = iphoneos;
				SWIFT_COMPILATION_MODE = wholemodule;
				VALIDATE_PRODUCT = YES;
			};
			name = Release;
		};
		7F3116FE2F42782D0074188B /* Debug */ = {
			isa = XCBuildConfiguration;
			buildSettings = {
				ASSETCATALOG_COMPILER_APPICON_NAME = AppIcon;
				ASSETCATALOG_COMPILER_GLOBAL_ACCENT_COLOR_NAME = AccentColor;
				CODE_SIGN_ENTITLEMENTS = SecureChatKeyboard/SecureChatKeyboard.entitlements;
				CODE_SIGN_STYLE = Automatic;
				CURRENT_PROJECT_VERSION = 1;
				DEVELOPMENT_TEAM = 6U988V44QP;
				ENABLE_PREVIEWS = YES;
				FRAMEWORK_SEARCH_PATHS = (
					"$(inherited)",
					"$(PROJECT_DIR)/SignalFfi",
				);
				GENERATE_INFOPLIST_FILE = YES;
				INFOPLIST_KEY_ITSAppUsesNonExemptEncryption = NO;
				INFOPLIST_KEY_UIApplicationSceneManifest_Generation = YES;
				INFOPLIST_KEY_UIApplicationSupportsIndirectInputEvents = YES;
				INFOPLIST_KEY_UILaunchScreen_Generation = YES;
				INFOPLIST_KEY_UISupportedInterfaceOrientations_iPad = "UIInterfaceOrientationPortrait UIInterfaceOrientationPortraitUpsideDown UIInterfaceOrientationLandscapeLeft UIInterfaceOrientationLandscapeRight";
				INFOPLIST_KEY_UISupportedInterfaceOrientations_iPhone = "UIInterfaceOrientationPortrait UIInterfaceOrientationLandscapeLeft UIInterfaceOrientationLandscapeRight";
				LD_RUNPATH_SEARCH_PATHS = (
					"$(inherited)",
					"@executable_path/Frameworks",
				);
				"LIBRARY_SEARCH_PATHS[sdk=iphoneos*]" = (
					"$(inherited)",
					"$(PROJECT_DIR)/SignalFfi/device",
				);
				"LIBRARY_SEARCH_PATHS[sdk=iphonesimulator*]" = (
					"$(inherited)",
					"$(PROJECT_DIR)/SignalFfi/simulator",
				);
				MARKETING_VERSION = 5.0.0;
				OTHER_LDFLAGS = (
					"$(inherited)",
					"-lsignal_ffi",
					"-lz",
				);
				PRODUCT_BUNDLE_IDENTIFIER = com.bwt.securechats.SecureChatKeyboard;
				PRODUCT_NAME = "$(TARGET_NAME)";
				STRING_CATALOG_GENERATE_SYMBOLS = YES;
				SWIFT_EMIT_LOC_STRINGS = YES;
				SWIFT_INCLUDE_PATHS = "$(inherited) $(PROJECT_DIR)/SignalFfi";
				SWIFT_VERSION = 5.0;
				TARGETED_DEVICE_FAMILY = "1,2";
			};
			name = Debug;
		};
		7F3116FF2F42782D0074188B /* Release */ = {
			isa = XCBuildConfiguration;
			buildSettings = {
				ASSETCATALOG_COMPILER_APPICON_NAME = AppIcon;
				ASSETCATALOG_COMPILER_GLOBAL_ACCENT_COLOR_NAME = AccentColor;
				CODE_SIGN_ENTITLEMENTS = SecureChatKeyboard/SecureChatKeyboard.entitlements;
				CODE_SIGN_STYLE = Automatic;
				CURRENT_PROJECT_VERSION = 1;
				DEVELOPMENT_TEAM = 6U988V44QP;
				ENABLE_PREVIEWS = YES;
				FRAMEWORK_SEARCH_PATHS = (
					"$(inherited)",
					"$(PROJECT_DIR)/SignalFfi",
				);
				GENERATE_INFOPLIST_FILE = YES;
				INFOPLIST_KEY_ITSAppUsesNonExemptEncryption = NO;
				INFOPLIST_KEY_UIApplicationSceneManifest_Generation = YES;
				INFOPLIST_KEY_UIApplicationSupportsIndirectInputEvents = YES;
				INFOPLIST_KEY_UILaunchScreen_Generation = YES;
				INFOPLIST_KEY_UISupportedInterfaceOrientations_iPad = "UIInterfaceOrientationPortrait UIInterfaceOrientationPortraitUpsideDown UIInterfaceOrientationLandscapeLeft UIInterfaceOrientationLandscapeRight";
				INFOPLIST_KEY_UISupportedInterfaceOrientations_iPhone = "UIInterfaceOrientationPortrait UIInterfaceOrientationLandscapeLeft UIInterfaceOrientationLandscapeRight";
				LD_RUNPATH_SEARCH_PATHS = (
					"$(inherited)",
					"@executable_path/Frameworks",
				);
				"LIBRARY_SEARCH_PATHS[sdk=iphoneos*]" = (
					"$(inherited)",
					"$(PROJECT_DIR)/SignalFfi/device",
				);
				"LIBRARY_SEARCH_PATHS[sdk=iphonesimulator*]" = (
					"$(inherited)",
					"$(PROJECT_DIR)/SignalFfi/simulator",
				);
				MARKETING_VERSION = 5.0.0;
				OTHER_LDFLAGS = (
					"$(inherited)",
					"-lsignal_ffi",
					"-lz",
				);
				PRODUCT_BUNDLE_IDENTIFIER = com.bwt.securechats.SecureChatKeyboard;
				PRODUCT_NAME = "$(TARGET_NAME)";
				STRING_CATALOG_GENERATE_SYMBOLS = YES;
				SWIFT_EMIT_LOC_STRINGS = YES;
				SWIFT_INCLUDE_PATHS = "$(inherited) $(PROJECT_DIR)/SignalFfi";
				SWIFT_VERSION = 5.0;
				TARGETED_DEVICE_FAMILY = "1,2";
			};
			name = Release;
		};
		7F3117012F42782D0074188B /* Debug */ = {
			isa = XCBuildConfiguration;
			buildSettings = {
				BUNDLE_LOADER = "$(TEST_HOST)";
				CODE_SIGN_STYLE = Automatic;
				CURRENT_PROJECT_VERSION = 1;
				DEVELOPMENT_TEAM = 6U988V44QP;
				GENERATE_INFOPLIST_FILE = YES;
				IPHONEOS_DEPLOYMENT_TARGET = 16.0;
				MARKETING_VERSION = 5.0.0;
				PRODUCT_BUNDLE_IDENTIFIER = com.bwt.securechats.SecureChatKeyboardTests;
				PRODUCT_NAME = "$(TARGET_NAME)";
				STRING_CATALOG_GENERATE_SYMBOLS = NO;
				SWIFT_EMIT_LOC_STRINGS = NO;
				SWIFT_VERSION = 5.0;
				TARGETED_DEVICE_FAMILY = "1,2";
				TEST_HOST = "$(BUILT_PRODUCTS_DIR)/SecureChatKeyboard.app/$(BUNDLE_EXECUTABLE_FOLDER_PATH)/SecureChatKeyboard";
			};
			name = Debug;
		};
		7F3117022F42782D0074188B /* Release */ = {
			isa = XCBuildConfiguration;
			buildSettings = {
				BUNDLE_LOADER = "$(TEST_HOST)";
				CODE_SIGN_STYLE = Automatic;
				CURRENT_PROJECT_VERSION = 1;
				DEVELOPMENT_TEAM = 6U988V44QP;
				GENERATE_INFOPLIST_FILE = YES;
				IPHONEOS_DEPLOYMENT_TARGET = 16.0;
				MARKETING_VERSION = 5.0.0;
				PRODUCT_BUNDLE_IDENTIFIER = com.bwt.securechats.SecureChatKeyboardTests;
				PRODUCT_NAME = "$(TARGET_NAME)";
				STRING_CATALOG_GENERATE_SYMBOLS = NO;
				SWIFT_EMIT_LOC_STRINGS = NO;
				SWIFT_VERSION = 5.0;
				TARGETED_DEVICE_FAMILY = "1,2";
				TEST_HOST = "$(BUILT_PRODUCTS_DIR)/SecureChatKeyboard.app/$(BUNDLE_EXECUTABLE_FOLDER_PATH)/SecureChatKeyboard";
			};
			name = Release;
		};
		7F3117042F42782D0074188B /* Debug */ = {
			isa = XCBuildConfiguration;
			buildSettings = {
				CODE_SIGN_STYLE = Automatic;
				CURRENT_PROJECT_VERSION = 1;
				DEVELOPMENT_TEAM = 6U988V44QP;
				GENERATE_INFOPLIST_FILE = YES;
				MARKETING_VERSION = 5.0.0;
				PRODUCT_BUNDLE_IDENTIFIER = com.bwt.securechats.SecureChatKeyboardUITests;
				PRODUCT_NAME = "$(TARGET_NAME)";
				STRING_CATALOG_GENERATE_SYMBOLS = NO;
				SWIFT_EMIT_LOC_STRINGS = NO;
				SWIFT_VERSION = 5.0;
				TARGETED_DEVICE_FAMILY = "1,2";
				TEST_TARGET_NAME = SecureChatKeyboard;
			};
			name = Debug;
		};
		7F3117052F42782D0074188B /* Release */ = {
			isa = XCBuildConfiguration;
			buildSettings = {
				CODE_SIGN_STYLE = Automatic;
				CURRENT_PROJECT_VERSION = 1;
				DEVELOPMENT_TEAM = 6U988V44QP;
				GENERATE_INFOPLIST_FILE = YES;
				MARKETING_VERSION = 5.0.0;
				PRODUCT_BUNDLE_IDENTIFIER = com.bwt.securechats.SecureChatKeyboardUITests;
				PRODUCT_NAME = "$(TARGET_NAME)";
				STRING_CATALOG_GENERATE_SYMBOLS = NO;
				SWIFT_EMIT_LOC_STRINGS = NO;
				SWIFT_VERSION = 5.0;
				TARGETED_DEVICE_FAMILY = "1,2";
				TEST_TARGET_NAME = SecureChatKeyboard;
			};
			name = Release;
		};
		AA00000CAAAA000000000001 /* Debug */ = {
			isa = XCBuildConfiguration;
			buildSettings = {
				CODE_SIGN_ENTITLEMENTS = KeyboardExtension/KeyboardExtension.entitlements;
				CODE_SIGN_STYLE = Automatic;
				CURRENT_PROJECT_VERSION = 1;
				DEVELOPMENT_TEAM = 6U988V44QP;
				FRAMEWORK_SEARCH_PATHS = (
					"$(inherited)",
					"$(PROJECT_DIR)/SignalFfi",
				);
				GENERATE_INFOPLIST_FILE = YES;
				INFOPLIST_FILE = KeyboardExtension/Info.plist;
				INFOPLIST_KEY_CFBundleDisplayName = "SecureChat Keyboard";
				INFOPLIST_KEY_NSHumanReadableCopyright = "";
				LD_RUNPATH_SEARCH_PATHS = (
					"$(inherited)",
					"@executable_path/Frameworks",
					"@executable_path/../../Frameworks",
				);
				"LIBRARY_SEARCH_PATHS[sdk=iphoneos*]" = (
					"$(inherited)",
					"$(PROJECT_DIR)/SignalFfi/device",
				);
				"LIBRARY_SEARCH_PATHS[sdk=iphonesimulator*]" = (
					"$(inherited)",
					"$(PROJECT_DIR)/SignalFfi/simulator",
				);
				MARKETING_VERSION = 5.0.0;
				OTHER_LDFLAGS = (
					"$(inherited)",
					"-lsignal_ffi",
					"-lz",
				);
				PRODUCT_BUNDLE_IDENTIFIER = com.bwt.securechats.SecureChatKeyboard.KeyboardExtension;
				PRODUCT_NAME = "$(TARGET_NAME)";
				SKIP_INSTALL = YES;
				SWIFT_EMIT_LOC_STRINGS = YES;
				SWIFT_INCLUDE_PATHS = "$(inherited) $(PROJECT_DIR)/SignalFfi";
				SWIFT_VERSION = 5.0;
				TARGETED_DEVICE_FAMILY = "1,2";
			};
			name = Debug;
		};
		AA00000CAAAA000000000002 /* Release */ = {
			isa = XCBuildConfiguration;
			buildSettings = {
				CODE_SIGN_ENTITLEMENTS = KeyboardExtension/KeyboardExtension.entitlements;
				CODE_SIGN_STYLE = Automatic;
				CURRENT_PROJECT_VERSION = 1;
				DEVELOPMENT_TEAM = 6U988V44QP;
				FRAMEWORK_SEARCH_PATHS = (
					"$(inherited)",
					"$(PROJECT_DIR)/SignalFfi",
				);
				GENERATE_INFOPLIST_FILE = YES;
				INFOPLIST_FILE = KeyboardExtension/Info.plist;
				INFOPLIST_KEY_CFBundleDisplayName = "SecureChat Keyboard";
				INFOPLIST_KEY_NSHumanReadableCopyright = "";
				LD_RUNPATH_SEARCH_PATHS = (
					"$(inherited)",
					"@executable_path/Frameworks",
					"@executable_path/../../Frameworks",
				);
				"LIBRARY_SEARCH_PATHS[sdk=iphoneos*]" = (
					"$(inherited)",
					"$(PROJECT_DIR)/SignalFfi/device",
				);
				"LIBRARY_SEARCH_PATHS[sdk=iphonesimulator*]" = (
					"$(inherited)",
					"$(PROJECT_DIR)/SignalFfi/simulator",
				);
				MARKETING_VERSION = 5.0.0;
				OTHER_LDFLAGS = (
					"$(inherited)",
					"-lsignal_ffi",
					"-lz",
				);
				PRODUCT_BUNDLE_IDENTIFIER = com.bwt.securechats.SecureChatKeyboard.KeyboardExtension;
				PRODUCT_NAME = "$(TARGET_NAME)";
				SKIP_INSTALL = YES;
				SWIFT_EMIT_LOC_STRINGS = YES;
				SWIFT_INCLUDE_PATHS = "$(inherited) $(PROJECT_DIR)/SignalFfi";
				SWIFT_VERSION = 5.0;
				TARGETED_DEVICE_FAMILY = "1,2";
			};
			name = Release;
		};
/* End XCBuildConfiguration section */

/* Begin XCConfigurationList section */
		7F3116D72F42782C0074188B /* Build configuration list for PBXProject "SecureChatKeyboard" */ = {
			isa = XCConfigurationList;
			buildConfigurations = (
				7F3116FB2F42782D0074188B /* Debug */,
				7F3116FC2F42782D0074188B /* Release */,
			);
			defaultConfigurationIsVisible = 0;
			defaultConfigurationName = Release;
		};
		7F3116FD2F42782D0074188B /* Build configuration list for PBXNativeTarget "SecureChatKeyboard" */ = {
			isa = XCConfigurationList;
			buildConfigurations = (
				7F3116FE2F42782D0074188B /* Debug */,
				7F3116FF2F42782D0074188B /* Release */,
			);
			defaultConfigurationIsVisible = 0;
			defaultConfigurationName = Release;
		};
		7F3117002F42782D0074188B /* Build configuration list for PBXNativeTarget "SecureChatKeyboardTests" */ = {
			isa = XCConfigurationList;
			buildConfigurations = (
				7F3117012F42782D0074188B /* Debug */,
				7F3117022F42782D0074188B /* Release */,
			);
			defaultConfigurationIsVisible = 0;
			defaultConfigurationName = Release;
		};
		7F3117032F42782D0074188B /* Build configuration list for PBXNativeTarget "SecureChatKeyboardUITests" */ = {
			isa = XCConfigurationList;
			buildConfigurations = (
				7F3117042F42782D0074188B /* Debug */,
				7F3117052F42782D0074188B /* Release */,
			);
			defaultConfigurationIsVisible = 0;
			defaultConfigurationName = Release;
		};
		AA000008AAAA000000000001 /* Build configuration list for PBXNativeTarget "KeyboardExtension" */ = {
			isa = XCConfigurationList;
			buildConfigurations = (
				AA00000CAAAA000000000001 /* Debug */,
				AA00000CAAAA000000000002 /* Release */,
			);
			defaultConfigurationIsVisible = 0;
			defaultConfigurationName = Release;
		};
/* End XCConfigurationList section */
	};
	rootObject = 7F3116D42F42782C0074188B /* Project object */;
}
